
Microsoft Visual Studio Solution File, Format Version 12.00
# Visual Studio Version 16
VisualStudioVersion = 16.0.30611.23
MinimumVisualStudioVersion = 10.0.40219.1
Project("{9A19103F-16F7-4668-BE54-9A1E7A4F7556}") = "AspDotNetCoreCustomAuthenticationWIthIdentiy", "AspDotNetCoreCustomAuthenticationWIthIdentiy\AspDotNetCoreCustomAuthenticationWIthIdentiy.csproj", "{79CBC5D2-1A58-4F24-A2F6-0D4F83F7CB15}"
EndProject
Project("{9A19103F-16F7-4668-BE54-9A1E7A4F7556}") = "AspDotNetCoreCustomAuthenticationWIthIdentiy.Infrustructure", "AspDotNetCoreCustomAuthenticationWIthIdentiy.Infrustructure\AspDotNetCoreCustomAuthenticationWIthIdentiy.Infrustructure.csproj", "{3038D6AD-BA23-4732-9B20-D20068069AB8}"
EndProject
Project("{FAE04EC0-301F-11D3-BF4B-00C04F79EFBC}") = "AspDotNetCoreCustomAuthenticationWIthIdentiy.Domain", "AspDotNetCoreCustomAuthenticationWIthIdentiy.Domain\AspDotNetCoreCustomAuthenticationWIthIdentiy.Domain.csproj", "{96ADDDFB-D79B-4251-9EF8-2D1419E596C2}"
EndProject
Global
	GlobalSection(SolutionConfigurationPlatforms) = preSolution
		Debug|Any CPU = Debug|Any CPU
		Release|Any CPU = Release|Any CPU
	EndGlobalSection
	GlobalSection(ProjectConfigurationPlatforms) = postSolution
		{79CBC5D2-1A58-4F24-A2F6-0D4F83F7CB15}.Debug|Any CPU.ActiveCfg = Debug|Any CPU
		{79CBC5D2-1A58-4F24-A2F6-0D4F83F7CB15}.Debug|Any CPU.Build.0 = Debug|Any CPU
		{79CBC5D2-1A58-4F24-A2F6-0D4F83F7CB15}.Release|Any CPU.ActiveCfg = Release|Any CPU
		{79CBC5D2-1A58-4F24-A2F6-0D4F83F7CB15}.Release|Any CPU.Build.0 = Release|Any CPU
		{3038D6AD-BA23-4732-9B20-D20068069AB8}.Debug|Any CPU.ActiveCfg = Debug|Any CPU
		{3038D6AD-BA23-4732-9B20-D20068069AB8}.Debug|Any CPU.Build.0 = Debug|Any CPU
		{3038D6AD-BA23-4732-9B20-D20068069AB8}.Release|Any CPU.ActiveCfg = Release|Any CPU
		{3038D6AD-BA23-4732-9B20-D20068069AB8}.Release|Any CPU.Build.0 = Release|Any CPU
		{96ADDDFB-D79B-4251-9EF8-2D1419E596C2}.Debug|Any CPU.ActiveCfg = Debug|Any CPU
		{96ADDDFB-D79B-4251-9EF8-2D1419E596C2}.Debug|Any CPU.Build.0 = Debug|Any CPU
		{96ADDDFB-D79B-4251-9EF8-2D1419E596C2}.Release|Any CPU.ActiveCfg = Release|Any CPU
		{96ADDDFB-D79B-4251-9EF8-2D1419E596C2}.Release|Any CPU.Build.0 = Release|Any CPU
	EndGlobalSection
	GlobalSection(SolutionProperties) = preSolution
		HideSolutionNode = FALSE
	EndGlobalSection
	GlobalSection(ExtensibilityGlobals) = postSolution
		SolutionGuid = {C08DFF0F-CE5A-4D9D-93A6-E211DFF8781E}
	EndGlobalSection
EndGlobal
